
Microsoft Visual Studio Solution File, Format Version 12.00
# Visual Studio Version 17
VisualStudioVersion = 17.12.35527.113 d17.12
MinimumVisualStudioVersion = 10.0.40219.1
Project("{2150E333-8FDC-42A3-9474-1A3956D46DE8}") = "Src", "Src", "{F34BCE44-7D91-4F56-9DF4-5D3E876BE21A}"
EndProject
Project("{2150E333-8FDC-42A3-9474-1A3956D46DE8}") = "SRC-pkg", "SRC-pkg", "{41318F06-A91F-4F47-B479-8E12E09948E5}"
EndProject
Project("{2150E333-8FDC-42A3-9474-1A3956D46DE8}") = "Tests", "Tests", "{DF3A52DC-89D1-4D1D-9AC6-2D3FA181130E}"
EndProject
Project("{2150E333-8FDC-42A3-9474-1A3956D46DE8}") = "packages", "packages", "{D1ADB94A-F660-4676-973E-EFCCE47F32A8}"
EndProject
Project("{2150E333-8FDC-42A3-9474-1A3956D46DE8}") = "01-Domain", "01-Domain", "{EAFE43DE-C502-4D80-9E23-130B36265FC5}"
EndProject
Project("{2150E333-8FDC-42A3-9474-1A3956D46DE8}") = "02-Infrastructures", "02-Infrastructures", "{D520BDA6-9B4F-4FB0-BA7F-0D547D25AF35}"
EndProject
Project("{2150E333-8FDC-42A3-9474-1A3956D46DE8}") = "03-EndPoint", "03-EndPoint", "{D40BFB00-0C2B-48C9-B196-9526794FB158}"
EndProject
Project("{2150E333-8FDC-42A3-9474-1A3956D46DE8}") = "Core", "Core", "{697E8E00-0559-4E2C-9EBA-1F85D521D260}"
EndProject
Project("{2150E333-8FDC-42A3-9474-1A3956D46DE8}") = "Services", "Services", "{88C1CC10-3C29-435A-B422-F0FD87DC56CC}"
EndProject
Project("{FAE04EC0-301F-11D3-BF4B-00C04F79EFBC}") = "App-Domain-Core", "App-Domain-Core\App-Domain-Core.csproj", "{30C38967-A6A6-429E-BF81-288869ADDDC3}"
EndProject
Project("{FAE04EC0-301F-11D3-BF4B-00C04F79EFBC}") = "App-Domain-AppServices", "App-Domain-AppService\App-Domain-AppServices.csproj", "{B8445E47-EA37-4C75-A4BB-085AB331ED52}"
EndProject
Project("{FAE04EC0-301F-11D3-BF4B-00C04F79EFBC}") = "App-Domain-Services", "App-Domain-Services\App-Domain-Services.csproj", "{FE577052-CE37-45EB-9BB2-DC355027E90C}"
EndProject
Project("{2150E333-8FDC-42A3-9474-1A3956D46DE8}") = "DB", "DB", "{5069FD78-1786-4A4E-980A-3154414A3AC3}"
EndProject
Project("{2150E333-8FDC-42A3-9474-1A3956D46DE8}") = "DataAccess", "DataAccess", "{7066B8E8-04A1-4EBC-9A26-15E9C726115F}"
EndProject
Project("{FAE04EC0-301F-11D3-BF4B-00C04F79EFBC}") = "App-infra-Data-SQLServer-EF", "App-infra-Data-SQLServer-EF\App-infra-Data-SQLServer-EF.csproj", "{6158627A-2711-4E71-A7D8-8F19BCC9D86A}"
EndProject
Project("{FAE04EC0-301F-11D3-BF4B-00C04F79EFBC}") = "App.Infra.Data.Repos.Ef", "App.Infra.Data.Repos.Ef\App.Infra.Data.Repos.Ef.csproj", "{02D28C62-7290-49F7-BA0B-0138633D0472}"
EndProject
Project("{2150E333-8FDC-42A3-9474-1A3956D46DE8}") = "Providers", "Providers", "{CCAE674D-31C5-4CF2-8C49-E04219AAD796}"
EndProject
Project("{FAE04EC0-301F-11D3-BF4B-00C04F79EFBC}") = "ConsoleApp-Shop", "Shop\ConsoleApp-Shop.csproj", "{E701CB48-B557-40C6-B4B6-B069BD0C459B}"
EndProject
Project("{FAE04EC0-301F-11D3-BF4B-00C04F79EFBC}") = "MVC-Shop", "MVC-Shop\MVC-Shop.csproj", "{5E3F2340-A64E-4DAE-BD22-24C13E43EBEA}"
EndProject
Global
	GlobalSection(SolutionConfigurationPlatforms) = preSolution
		Debug|Any CPU = Debug|Any CPU
		Release|Any CPU = Release|Any CPU
	EndGlobalSection
	GlobalSection(ProjectConfigurationPlatforms) = postSolution
		{30C38967-A6A6-429E-BF81-288869ADDDC3}.Debug|Any CPU.ActiveCfg = Debug|Any CPU
		{30C38967-A6A6-429E-BF81-288869ADDDC3}.Debug|Any CPU.Build.0 = Debug|Any CPU
		{30C38967-A6A6-429E-BF81-288869ADDDC3}.Release|Any CPU.ActiveCfg = Release|Any CPU
		{30C38967-A6A6-429E-BF81-288869ADDDC3}.Release|Any CPU.Build.0 = Release|Any CPU
		{B8445E47-EA37-4C75-A4BB-085AB331ED52}.Debug|Any CPU.ActiveCfg = Debug|Any CPU
		{B8445E47-EA37-4C75-A4BB-085AB331ED52}.Debug|Any CPU.Build.0 = Debug|Any CPU
		{B8445E47-EA37-4C75-A4BB-085AB331ED52}.Release|Any CPU.ActiveCfg = Release|Any CPU
		{B8445E47-EA37-4C75-A4BB-085AB331ED52}.Release|Any CPU.Build.0 = Release|Any CPU
		{FE577052-CE37-45EB-9BB2-DC355027E90C}.Debug|Any CPU.ActiveCfg = Debug|Any CPU
		{FE577052-CE37-45EB-9BB2-DC355027E90C}.Debug|Any CPU.Build.0 = Debug|Any CPU
		{FE577052-CE37-45EB-9BB2-DC355027E90C}.Release|Any CPU.ActiveCfg = Release|Any CPU
		{FE577052-CE37-45EB-9BB2-DC355027E90C}.Release|Any CPU.Build.0 = Release|Any CPU
		{6158627A-2711-4E71-A7D8-8F19BCC9D86A}.Debug|Any CPU.ActiveCfg = Debug|Any CPU
		{6158627A-2711-4E71-A7D8-8F19BCC9D86A}.Debug|Any CPU.Build.0 = Debug|Any CPU
		{6158627A-2711-4E71-A7D8-8F19BCC9D86A}.Release|Any CPU.ActiveCfg = Release|Any CPU
		{6158627A-2711-4E71-A7D8-8F19BCC9D86A}.Release|Any CPU.Build.0 = Release|Any CPU
		{02D28C62-7290-49F7-BA0B-0138633D0472}.Debug|Any CPU.ActiveCfg = Debug|Any CPU
		{02D28C62-7290-49F7-BA0B-0138633D0472}.Debug|Any CPU.Build.0 = Debug|Any CPU
		{02D28C62-7290-49F7-BA0B-0138633D0472}.Release|Any CPU.ActiveCfg = Release|Any CPU
		{02D28C62-7290-49F7-BA0B-0138633D0472}.Release|Any CPU.Build.0 = Release|Any CPU
		{E701CB48-B557-40C6-B4B6-B069BD0C459B}.Debug|Any CPU.ActiveCfg = Debug|Any CPU
		{E701CB48-B557-40C6-B4B6-B069BD0C459B}.Debug|Any CPU.Build.0 = Debug|Any CPU
		{E701CB48-B557-40C6-B4B6-B069BD0C459B}.Release|Any CPU.ActiveCfg = Release|Any CPU
		{E701CB48-B557-40C6-B4B6-B069BD0C459B}.Release|Any CPU.Build.0 = Release|Any CPU
		{5E3F2340-A64E-4DAE-BD22-24C13E43EBEA}.Debug|Any CPU.ActiveCfg = Debug|Any CPU
		{5E3F2340-A64E-4DAE-BD22-24C13E43EBEA}.Debug|Any CPU.Build.0 = Debug|Any CPU
		{5E3F2340-A64E-4DAE-BD22-24C13E43EBEA}.Release|Any CPU.ActiveCfg = Release|Any CPU
		{5E3F2340-A64E-4DAE-BD22-24C13E43EBEA}.Release|Any CPU.Build.0 = Release|Any CPU
	EndGlobalSection
	GlobalSection(SolutionProperties) = preSolution
		HideSolutionNode = FALSE
	EndGlobalSection
	GlobalSection(NestedProjects) = preSolution
		{EAFE43DE-C502-4D80-9E23-130B36265FC5} = {F34BCE44-7D91-4F56-9DF4-5D3E876BE21A}
		{D520BDA6-9B4F-4FB0-BA7F-0D547D25AF35} = {F34BCE44-7D91-4F56-9DF4-5D3E876BE21A}
		{D40BFB00-0C2B-48C9-B196-9526794FB158} = {F34BCE44-7D91-4F56-9DF4-5D3E876BE21A}
		{697E8E00-0559-4E2C-9EBA-1F85D521D260} = {EAFE43DE-C502-4D80-9E23-130B36265FC5}
		{88C1CC10-3C29-435A-B422-F0FD87DC56CC} = {EAFE43DE-C502-4D80-9E23-130B36265FC5}
		{30C38967-A6A6-429E-BF81-288869ADDDC3} = {697E8E00-0559-4E2C-9EBA-1F85D521D260}
		{B8445E47-EA37-4C75-A4BB-085AB331ED52} = {88C1CC10-3C29-435A-B422-F0FD87DC56CC}
		{FE577052-CE37-45EB-9BB2-DC355027E90C} = {88C1CC10-3C29-435A-B422-F0FD87DC56CC}
		{5069FD78-1786-4A4E-980A-3154414A3AC3} = {D520BDA6-9B4F-4FB0-BA7F-0D547D25AF35}
		{7066B8E8-04A1-4EBC-9A26-15E9C726115F} = {D520BDA6-9B4F-4FB0-BA7F-0D547D25AF35}
		{6158627A-2711-4E71-A7D8-8F19BCC9D86A} = {5069FD78-1786-4A4E-980A-3154414A3AC3}
		{02D28C62-7290-49F7-BA0B-0138633D0472} = {7066B8E8-04A1-4EBC-9A26-15E9C726115F}
		{CCAE674D-31C5-4CF2-8C49-E04219AAD796} = {D520BDA6-9B4F-4FB0-BA7F-0D547D25AF35}
		{E701CB48-B557-40C6-B4B6-B069BD0C459B} = {D40BFB00-0C2B-48C9-B196-9526794FB158}
		{5E3F2340-A64E-4DAE-BD22-24C13E43EBEA} = {D40BFB00-0C2B-48C9-B196-9526794FB158}
	EndGlobalSection
EndGlobal
